
Microsoft Visual Studio Solution File, Format Version 12.00
# Visual Studio Version 17
VisualStudioVersion = 17.4.33213.308
MinimumVisualStudioVersion = 10.0.40219.1
Project("{FAE04EC0-301F-11D3-BF4B-00C04F79EFBC}") = "AuthenticationAndAuthorization", "AuthenticationAndAuthorization\AuthenticationAndAuthorization.csproj", "{80749349-8D13-440F-BEE0-0A75ABAD8A2A}"
EndProject
Global
	GlobalSection(SolutionConfigurationPlatforms) = preSolution
		Debug|Any CPU = Debug|Any CPU
		Release|Any CPU = Release|Any CPU
	EndGlobalSection
	GlobalSection(ProjectConfigurationPlatforms) = postSolution
		{80749349-8D13-440F-BEE0-0A75ABAD8A2A}.Debug|Any CPU.ActiveCfg = Debug|Any CPU
		{80749349-8D13-440F-BEE0-0A75ABAD8A2A}.Debug|Any CPU.Build.0 = Debug|Any CPU
		{80749349-8D13-440F-BEE0-0A75ABAD8A2A}.Release|Any CPU.ActiveCfg = Release|Any CPU
		{80749349-8D13-440F-BEE0-0A75ABAD8A2A}.Release|Any CPU.Build.0 = Release|Any CPU
	EndGlobalSection
	GlobalSection(SolutionProperties) = preSolution
		HideSolutionNode = FALSE
	EndGlobalSection
	GlobalSection(ExtensibilityGlobals) = postSolution
		SolutionGuid = {9FEE6FDB-C614-4D9B-830C-A61B6AAC8D4D}
	EndGlobalSection
EndGlobal
